# This file is automatically @generated by Cargo.
# It is not intended for manual editing.
version = 4

[[package]]
name = "qq"
version = "0.1.0"
dependencies = [
 "qq-core",
 "qq-protocol",
 "qq-provider",
 "qq-tui",
]

[[package]]
name = "qq-core"
version = "0.1.0"
dependencies = [
 "qq-protocol",
 "qq-provider",
]

[[package]]
name = "qq-protocol"
version = "0.1.0"

[[package]]
name = "qq-provider"
version = "0.1.0"

[[package]]
name = "qq-tui"
version = "0.1.0"
dependencies = [
 "qq-protocol",
]

[[package]]
name = "xtask"
version = "0.1.0"
